# THIS IS AN AUTOGENERATED FILE. DO NOT EDIT THIS FILE DIRECTLY.
# yarn lockfile v1


acorn-jsx@^3.0.0:
  version "3.0.1"
  resolved "https://registry.npmjs.org/acorn-jsx/-/acorn-jsx-3.0.1.tgz"
  dependencies:
    acorn "^3.0.4"

acorn@^3.0.4:
  version "3.3.0"
  resolved "https://registry.npmjs.org/acorn/-/acorn-3.3.0.tgz"

acorn@^5.5.0:
  version "5.7.4"
  resolved "https://registry.npmjs.org/acorn/-/acorn-5.7.4.tgz"

ajv-keywords@^2.1.0:
  version "2.1.1"
  resolved "https://registry.npmjs.org/ajv-keywords/-/ajv-keywords-2.1.1.tgz"

ajv@^5.2.3, ajv@^5.3.0:
  version "5.5.2"
  resolved "https://registry.npmjs.org/ajv/-/ajv-5.5.2.tgz"
  dependencies:
    co "^4.6.0"
    fast-deep-equal "^1.0.0"
    fast-json-stable-stringify "^2.0.0"
    json-schema-traverse "^0.3.0"

ansi-escapes@^3.0.0:
  version "3.2.0"
  resolved "https://registry.npmjs.org/ansi-escapes/-/ansi-escapes-3.2.0.tgz"

ansi-regex@^2.0.0:
  version "2.1.1"
  resolved "https://registry.npmjs.org/ansi-regex/-/ansi-regex-2.1.1.tgz"

ansi-regex@^3.0.0:
  version "3.0.0"
  resolved "https://registry.npmjs.org/ansi-regex/-/ansi-regex-3.0.0.tgz"

ansi-styles@^2.2.1:
  version "2.2.1"
  resolved "https://registry.npmjs.org/ansi-styles/-/ansi-styles-2.2.1.tgz"

ansi-styles@^3.2.1:
  version "3.2.1"
  resolved "https://registry.npmjs.org/ansi-styles/-/ansi-styles-3.2.1.tgz"
  dependencies:
    color-convert "^1.9.0"

ansi-styles@^4.1.0:
  version "4.3.0"
  resolved "https://nexus3.weg.net/repository/npm-group/ansi-styles/-/ansi-styles-4.3.0.tgz"
  dependencies:
    color-convert "^2.0.1"

argparse@^1.0.7:
  version "1.0.10"
  resolved "https://registry.npmjs.org/argparse/-/argparse-1.0.10.tgz"
  dependencies:
    sprintf-js "~1.0.2"

assertion-error@^1.1.0:
  version "1.1.0"
  resolved "https://registry.npmjs.org/assertion-error/-/assertion-error-1.1.0.tgz"

asynckit@^0.4.0:
  version "0.4.0"
  resolved "https://nexus3.weg.net/repository/npm-group/asynckit/-/asynckit-0.4.0.tgz"

axios@^0.21.1:
  version "0.21.4"
  resolved "https://nexus3.weg.net/repository/npm-group/axios/-/axios-0.21.4.tgz"
  dependencies:
    follow-redirects "^1.14.0"

axios@^0.26.1:
  version "0.26.1"
  resolved "https://nexus3.weg.net/repository/npm-group/axios/-/axios-0.26.1.tgz"
  dependencies:
    follow-redirects "^1.14.8"

babel-code-frame@^6.22.0:
  version "6.26.0"
  resolved "https://registry.npmjs.org/babel-code-frame/-/babel-code-frame-6.26.0.tgz"
  dependencies:
    chalk "^1.1.3"
    esutils "^2.0.2"
    js-tokens "^3.0.2"

balanced-match@^1.0.0:
  version "1.0.0"
  resolved "https://registry.npmjs.org/balanced-match/-/balanced-match-1.0.0.tgz"

brace-expansion@^1.1.7:
  version "1.1.11"
  resolved "https://registry.npmjs.org/brace-expansion/-/brace-expansion-1.1.11.tgz"
  dependencies:
    balanced-match "^1.0.0"
    concat-map "0.0.1"

"bravado-client-generator@github:Losant/bravado-client-generator":
  version "0.3.2"
  resolved "git+ssh://git@github.com/Losant/bravado-client-generator.git#e2e53f91e1a04f4521610604e9c35cdcf764fe2b"
  dependencies:
    axios "^0.26.1"
    chalk "^4.1.2"
    commander "^9.0.0"
    debug "^4.3.3"
    defaults "^1.0.3"
    fast-json-stable-stringify "^2.1.0"
    fs-extra "^10.0.1"
    handlebars "^4.7.7"
    inflection "^1.13.2"
    json-refs "^3.0.15"
    lodash "^4.17.21"
    qs "^6.10.3"
    uri-template "^2.0.0"

browser-stdout@1.3.1:
  version "1.3.1"
  resolved "https://registry.npmjs.org/browser-stdout/-/browser-stdout-1.3.1.tgz"

buffer-from@^1.0.0:
  version "1.1.1"
  resolved "https://registry.npmjs.org/buffer-from/-/buffer-from-1.1.1.tgz"

call-bind@^1.0.0:
  version "1.0.2"
  resolved "https://nexus3.weg.net/repository/npm-group/call-bind/-/call-bind-1.0.2.tgz"
  dependencies:
    function-bind "^1.1.1"
    get-intrinsic "^1.0.2"

caller-path@^0.1.0:
  version "0.1.0"
  resolved "https://registry.npmjs.org/caller-path/-/caller-path-0.1.0.tgz"
  dependencies:
    callsites "^0.2.0"

callsites@^0.2.0:
  version "0.2.0"
  resolved "https://registry.npmjs.org/callsites/-/callsites-0.2.0.tgz"

chai@^4.1.2:
  version "4.2.0"
  resolved "https://registry.npmjs.org/chai/-/chai-4.2.0.tgz"
  dependencies:
    assertion-error "^1.1.0"
    check-error "^1.0.2"
    deep-eql "^3.0.1"
    get-func-name "^2.0.0"
    pathval "^1.1.0"
    type-detect "^4.0.5"

chalk@^1.1.3:
  version "1.1.3"
  resolved "https://registry.npmjs.org/chalk/-/chalk-1.1.3.tgz"
  dependencies:
    ansi-styles "^2.2.1"
    escape-string-regexp "^1.0.2"
    has-ansi "^2.0.0"
    strip-ansi "^3.0.0"
    supports-color "^2.0.0"

chalk@^2.0.0, chalk@^2.1.0:
  version "2.4.2"
  resolved "https://registry.npmjs.org/chalk/-/chalk-2.4.2.tgz"
  dependencies:
    ansi-styles "^3.2.1"
    escape-string-regexp "^1.0.5"
    supports-color "^5.3.0"

chalk@^4.1.2:
  version "4.1.2"
  resolved "https://nexus3.weg.net/repository/npm-group/chalk/-/chalk-4.1.2.tgz"
  dependencies:
    ansi-styles "^4.1.0"
    supports-color "^7.1.0"

chardet@^0.4.0:
  version "0.4.2"
  resolved "https://registry.npmjs.org/chardet/-/chardet-0.4.2.tgz"

check-error@^1.0.2:
  version "1.0.2"
  resolved "https://registry.npmjs.org/check-error/-/check-error-1.0.2.tgz"

circular-json@^0.3.1:
  version "0.3.3"
  resolved "https://registry.npmjs.org/circular-json/-/circular-json-0.3.3.tgz"

cli-cursor@^2.1.0:
  version "2.1.0"
  resolved "https://registry.npmjs.org/cli-cursor/-/cli-cursor-2.1.0.tgz"
  dependencies:
    restore-cursor "^2.0.0"

cli-width@^2.0.0:
  version "2.2.1"
  resolved "https://registry.npmjs.org/cli-width/-/cli-width-2.2.1.tgz"

clone@^1.0.2:
  version "1.0.4"
  resolved "https://nexus3.weg.net/repository/npm-group/clone/-/clone-1.0.4.tgz"

co@^4.6.0:
  version "4.6.0"
  resolved "https://registry.npmjs.org/co/-/co-4.6.0.tgz"

color-convert@^1.9.0:
  version "1.9.3"
  resolved "https://registry.npmjs.org/color-convert/-/color-convert-1.9.3.tgz"
  dependencies:
    color-name "1.1.3"

color-convert@^2.0.1:
  version "2.0.1"
  resolved "https://nexus3.weg.net/repository/npm-group/color-convert/-/color-convert-2.0.1.tgz"
  dependencies:
    color-name "~1.1.4"

color-name@1.1.3:
  version "1.1.3"
  resolved "https://registry.npmjs.org/color-name/-/color-name-1.1.3.tgz"

color-name@~1.1.4:
  version "1.1.4"
  resolved "https://nexus3.weg.net/repository/npm-group/color-name/-/color-name-1.1.4.tgz"

combined-stream@^1.0.6, combined-stream@^1.0.8:
  version "1.0.8"
  resolved "https://nexus3.weg.net/repository/npm-group/combined-stream/-/combined-stream-1.0.8.tgz"
  dependencies:
    delayed-stream "~1.0.0"

commander@2.15.1:
  version "2.15.1"
  resolved "https://registry.npmjs.org/commander/-/commander-2.15.1.tgz"

commander@^9.0.0:
  version "9.2.0"
  resolved "https://nexus3.weg.net/repository/npm-group/commander/-/commander-9.2.0.tgz"

commander@~4.1.1:
  version "4.1.1"
  resolved "https://nexus3.weg.net/repository/npm-group/commander/-/commander-4.1.1.tgz"

component-emitter@^1.2.0:
  version "1.3.0"
  resolved "https://nexus3.weg.net/repository/npm-group/component-emitter/-/component-emitter-1.3.0.tgz"

concat-map@0.0.1:
  version "0.0.1"
  resolved "https://registry.npmjs.org/concat-map/-/concat-map-0.0.1.tgz"

concat-stream@^1.6.0:
  version "1.6.2"
  resolved "https://registry.npmjs.org/concat-stream/-/concat-stream-1.6.2.tgz"
  dependencies:
    buffer-from "^1.0.0"
    inherits "^2.0.3"
    readable-stream "^2.2.2"
    typedarray "^0.0.6"

cookiejar@^2.1.0:
  version "2.1.3"
  resolved "https://nexus3.weg.net/repository/npm-group/cookiejar/-/cookiejar-2.1.3.tgz"

core-util-is@~1.0.0:
  version "1.0.2"
  resolved "https://registry.npmjs.org/core-util-is/-/core-util-is-1.0.2.tgz"

cross-spawn@^5.1.0:
  version "5.1.0"
  resolved "https://registry.npmjs.org/cross-spawn/-/cross-spawn-5.1.0.tgz"
  dependencies:
    lru-cache "^4.0.1"
    shebang-command "^1.2.0"
    which "^1.2.9"

debug@3.1.0, debug@^3.1.0:
  version "3.1.0"
  resolved "https://registry.npmjs.org/debug/-/debug-3.1.0.tgz"
  dependencies:
    ms "2.0.0"

debug@^4.3.3:
  version "4.3.4"
  resolved "https://nexus3.weg.net/repository/npm-group/debug/-/debug-4.3.4.tgz"
  dependencies:
    ms "2.1.2"

deep-eql@^3.0.1:
  version "3.0.1"
  resolved "https://registry.npmjs.org/deep-eql/-/deep-eql-3.0.1.tgz"
  dependencies:
    type-detect "^4.0.0"

deep-equal@^1.0.0:
  version "1.1.1"
  resolved "https://registry.npmjs.org/deep-equal/-/deep-equal-1.1.1.tgz"
  dependencies:
    is-arguments "^1.0.4"
    is-date-object "^1.0.1"
    is-regex "^1.0.4"
    object-is "^1.0.1"
    object-keys "^1.1.1"
    regexp.prototype.flags "^1.2.0"

deep-is@~0.1.3:
  version "0.1.3"
  resolved "https://registry.npmjs.org/deep-is/-/deep-is-0.1.3.tgz"

defaults@^1.0.3:
  version "1.0.3"
  resolved "https://nexus3.weg.net/repository/npm-group/defaults/-/defaults-1.0.3.tgz"
  dependencies:
    clone "^1.0.2"

define-properties@^1.1.2, define-properties@^1.1.3:
  version "1.1.3"
  resolved "https://registry.npmjs.org/define-properties/-/define-properties-1.1.3.tgz"
  dependencies:
    object-keys "^1.0.12"

delayed-stream@~1.0.0:
  version "1.0.0"
  resolved "https://nexus3.weg.net/repository/npm-group/delayed-stream/-/delayed-stream-1.0.0.tgz"

diff@3.5.0:
  version "3.5.0"
  resolved "https://registry.npmjs.org/diff/-/diff-3.5.0.tgz"

doctrine@^2.1.0:
  version "2.1.0"
  resolved "https://registry.npmjs.org/doctrine/-/doctrine-2.1.0.tgz"
  dependencies:
    esutils "^2.0.2"

es-abstract@^1.17.0-next.1, es-abstract@^1.17.5:
  version "1.17.6"
  resolved "https://registry.npmjs.org/es-abstract/-/es-abstract-1.17.6.tgz"
  dependencies:
    es-to-primitive "^1.2.1"
    function-bind "^1.1.1"
    has "^1.0.3"
    has-symbols "^1.0.1"
    is-callable "^1.2.0"
    is-regex "^1.1.0"
    object-inspect "^1.7.0"
    object-keys "^1.1.1"
    object.assign "^4.1.0"
    string.prototype.trimend "^1.0.1"
    string.prototype.trimstart "^1.0.1"

es-to-primitive@^1.2.1:
  version "1.2.1"
  resolved "https://registry.npmjs.org/es-to-primitive/-/es-to-primitive-1.2.1.tgz"
  dependencies:
    is-callable "^1.1.4"
    is-date-object "^1.0.1"
    is-symbol "^1.0.2"

es6-promise@^4.2.8:
  version "4.2.8"
  resolved "https://registry.npmjs.org/es6-promise/-/es6-promise-4.2.8.tgz"

escape-string-regexp@1.0.5, escape-string-regexp@^1.0.2, escape-string-regexp@^1.0.5:
  version "1.0.5"
  resolved "https://registry.npmjs.org/escape-string-regexp/-/escape-string-regexp-1.0.5.tgz"

eslint-scope@^3.7.1:
  version "3.7.3"
  resolved "https://registry.npmjs.org/eslint-scope/-/eslint-scope-3.7.3.tgz"
  dependencies:
    esrecurse "^4.1.0"
    estraverse "^4.1.1"

eslint-visitor-keys@^1.0.0:
  version "1.3.0"
  resolved "https://registry.npmjs.org/eslint-visitor-keys/-/eslint-visitor-keys-1.3.0.tgz"

eslint@^4.19.1:
  version "4.19.1"
  resolved "https://registry.npmjs.org/eslint/-/eslint-4.19.1.tgz"
  dependencies:
    ajv "^5.3.0"
    babel-code-frame "^6.22.0"
    chalk "^2.1.0"
    concat-stream "^1.6.0"
    cross-spawn "^5.1.0"
    debug "^3.1.0"
    doctrine "^2.1.0"
    eslint-scope "^3.7.1"
    eslint-visitor-keys "^1.0.0"
    espree "^3.5.4"
    esquery "^1.0.0"
    esutils "^2.0.2"
    file-entry-cache "^2.0.0"
    functional-red-black-tree "^1.0.1"
    glob "^7.1.2"
    globals "^11.0.1"
    ignore "^3.3.3"
    imurmurhash "^0.1.4"
    inquirer "^3.0.6"
    is-resolvable "^1.0.0"
    js-yaml "^3.9.1"
    json-stable-stringify-without-jsonify "^1.0.1"
    levn "^0.3.0"
    lodash "^4.17.4"
    minimatch "^3.0.2"
    mkdirp "^0.5.1"
    natural-compare "^1.4.0"
    optionator "^0.8.2"
    path-is-inside "^1.0.2"
    pluralize "^7.0.0"
    progress "^2.0.0"
    regexpp "^1.0.1"
    require-uncached "^1.0.3"
    semver "^5.3.0"
    strip-ansi "^4.0.0"
    strip-json-comments "~2.0.1"
    table "4.0.2"
    text-table "~0.2.0"

espree@^3.5.4:
  version "3.5.4"
  resolved "https://registry.npmjs.org/espree/-/espree-3.5.4.tgz"
  dependencies:
    acorn "^5.5.0"
    acorn-jsx "^3.0.0"

esprima@^4.0.0:
  version "4.0.1"
  resolved "https://registry.npmjs.org/esprima/-/esprima-4.0.1.tgz"

esquery@^1.0.0:
  version "1.3.1"
  resolved "https://registry.npmjs.org/esquery/-/esquery-1.3.1.tgz"
  dependencies:
    estraverse "^5.1.0"

esrecurse@^4.1.0:
  version "4.2.1"
  resolved "https://registry.npmjs.org/esrecurse/-/esrecurse-4.2.1.tgz"
  dependencies:
    estraverse "^4.1.0"

estraverse@^4.1.0, estraverse@^4.1.1:
  version "4.3.0"
  resolved "https://registry.npmjs.org/estraverse/-/estraverse-4.3.0.tgz"

estraverse@^5.1.0:
  version "5.1.0"
  resolved "https://registry.npmjs.org/estraverse/-/estraverse-5.1.0.tgz"

esutils@^2.0.2:
  version "2.0.3"
  resolved "https://registry.npmjs.org/esutils/-/esutils-2.0.3.tgz"

eventsource@^1.0.7:
  version "1.0.7"
  resolved "https://registry.npmjs.org/eventsource/-/eventsource-1.0.7.tgz"
  dependencies:
    original "^1.0.0"

extend@^3.0.0:
  version "3.0.2"
  resolved "https://nexus3.weg.net/repository/npm-group/extend/-/extend-3.0.2.tgz"

external-editor@^2.0.4:
  version "2.2.0"
  resolved "https://registry.npmjs.org/external-editor/-/external-editor-2.2.0.tgz"
  dependencies:
    chardet "^0.4.0"
    iconv-lite "^0.4.17"
    tmp "^0.0.33"

fast-deep-equal@^1.0.0:
  version "1.1.0"
  resolved "https://registry.npmjs.org/fast-deep-equal/-/fast-deep-equal-1.1.0.tgz"

fast-json-stable-stringify@^2.0.0, fast-json-stable-stringify@^2.1.0:
  version "2.1.0"
  resolved "https://registry.npmjs.org/fast-json-stable-stringify/-/fast-json-stable-stringify-2.1.0.tgz"

fast-levenshtein@~2.0.6:
  version "2.0.6"
  resolved "https://registry.npmjs.org/fast-levenshtein/-/fast-levenshtein-2.0.6.tgz"

figures@^2.0.0:
  version "2.0.0"
  resolved "https://registry.npmjs.org/figures/-/figures-2.0.0.tgz"
  dependencies:
    escape-string-regexp "^1.0.5"

file-entry-cache@^2.0.0:
  version "2.0.0"
  resolved "https://registry.npmjs.org/file-entry-cache/-/file-entry-cache-2.0.0.tgz"
  dependencies:
    flat-cache "^1.2.1"
    object-assign "^4.0.1"

flat-cache@^1.2.1:
  version "1.3.4"
  resolved "https://registry.npmjs.org/flat-cache/-/flat-cache-1.3.4.tgz"
  dependencies:
    circular-json "^0.3.1"
    graceful-fs "^4.1.2"
    rimraf "~2.6.2"
    write "^0.2.1"

follow-redirects@^1.14.0, follow-redirects@^1.14.8:
  version "1.15.0"
  resolved "https://nexus3.weg.net/repository/npm-group/follow-redirects/-/follow-redirects-1.15.0.tgz"

form-data@^2.3.1:
  version "2.5.1"
  resolved "https://nexus3.weg.net/repository/npm-group/form-data/-/form-data-2.5.1.tgz"
  dependencies:
    asynckit "^0.4.0"
    combined-stream "^1.0.6"
    mime-types "^2.1.12"

form-data@^3.0.0:
  version "3.0.1"
  resolved "https://nexus3.weg.net/repository/npm-group/form-data/-/form-data-3.0.1.tgz"
  dependencies:
    asynckit "^0.4.0"
    combined-stream "^1.0.8"
    mime-types "^2.1.12"

formidable@^1.2.0:
  version "1.2.6"
  resolved "https://nexus3.weg.net/repository/npm-group/formidable/-/formidable-1.2.6.tgz"

fs-extra@^10.0.1:
  version "10.1.0"
  resolved "https://nexus3.weg.net/repository/npm-group/fs-extra/-/fs-extra-10.1.0.tgz"
  dependencies:
    graceful-fs "^4.2.0"
    jsonfile "^6.0.1"
    universalify "^2.0.0"

fs.realpath@^1.0.0:
  version "1.0.0"
  resolved "https://registry.npmjs.org/fs.realpath/-/fs.realpath-1.0.0.tgz"

function-bind@^1.1.1:
  version "1.1.1"
  resolved "https://registry.npmjs.org/function-bind/-/function-bind-1.1.1.tgz"

functional-red-black-tree@^1.0.1:
  version "1.0.1"
  resolved "https://registry.npmjs.org/functional-red-black-tree/-/functional-red-black-tree-1.0.1.tgz"

get-func-name@^2.0.0:
  version "2.0.0"
  resolved "https://registry.npmjs.org/get-func-name/-/get-func-name-2.0.0.tgz"

get-intrinsic@^1.0.2:
  version "1.1.1"
  resolved "https://nexus3.weg.net/repository/npm-group/get-intrinsic/-/get-intrinsic-1.1.1.tgz"
  dependencies:
    function-bind "^1.1.1"
    has "^1.0.3"
    has-symbols "^1.0.1"

glob@7.1.2:
  version "7.1.2"
  resolved "https://registry.npmjs.org/glob/-/glob-7.1.2.tgz"
  dependencies:
    fs.realpath "^1.0.0"
    inflight "^1.0.4"
    inherits "2"
    minimatch "^3.0.4"
    once "^1.3.0"
    path-is-absolute "^1.0.0"

glob@^7.1.2, glob@^7.1.3:
  version "7.1.6"
  resolved "https://registry.npmjs.org/glob/-/glob-7.1.6.tgz"
  dependencies:
    fs.realpath "^1.0.0"
    inflight "^1.0.4"
    inherits "2"
    minimatch "^3.0.4"
    once "^1.3.0"
    path-is-absolute "^1.0.0"

globals@^11.0.1:
  version "11.12.0"
  resolved "https://registry.npmjs.org/globals/-/globals-11.12.0.tgz"

graceful-fs@^4.1.2, graceful-fs@^4.1.6, graceful-fs@^4.2.0:
  version "4.2.4"
  resolved "https://registry.npmjs.org/graceful-fs/-/graceful-fs-4.2.4.tgz"

graphlib@^2.1.8:
  version "2.1.8"
  resolved "https://nexus3.weg.net/repository/npm-group/graphlib/-/graphlib-2.1.8.tgz"
  dependencies:
    lodash "^4.17.15"

growl@1.10.5:
  version "1.10.5"
  resolved "https://registry.npmjs.org/growl/-/growl-1.10.5.tgz"

handlebars@^4.7.7:
  version "4.7.7"
  resolved "https://nexus3.weg.net/repository/npm-group/handlebars/-/handlebars-4.7.7.tgz"
  dependencies:
    minimist "^1.2.5"
    neo-async "^2.6.0"
    source-map "^0.6.1"
    wordwrap "^1.0.0"
  optionalDependencies:
    uglify-js "^3.1.4"

has-ansi@^2.0.0:
  version "2.0.0"
  resolved "https://registry.npmjs.org/has-ansi/-/has-ansi-2.0.0.tgz"
  dependencies:
    ansi-regex "^2.0.0"

has-flag@^3.0.0:
  version "3.0.0"
  resolved "https://registry.npmjs.org/has-flag/-/has-flag-3.0.0.tgz"

has-flag@^4.0.0:
  version "4.0.0"
  resolved "https://nexus3.weg.net/repository/npm-group/has-flag/-/has-flag-4.0.0.tgz"

has-symbols@^1.0.0, has-symbols@^1.0.1:
  version "1.0.1"
  resolved "https://registry.npmjs.org/has-symbols/-/has-symbols-1.0.1.tgz"

has@^1.0.3:
  version "1.0.3"
  resolved "https://registry.npmjs.org/has/-/has-1.0.3.tgz"
  dependencies:
    function-bind "^1.1.1"

he@1.1.1:
  version "1.1.1"
  resolved "https://registry.npmjs.org/he/-/he-1.1.1.tgz"

iconv-lite@^0.4.17:
  version "0.4.24"
  resolved "https://registry.npmjs.org/iconv-lite/-/iconv-lite-0.4.24.tgz"
  dependencies:
    safer-buffer ">= 2.1.2 < 3"

ignore@^3.3.3:
  version "3.3.10"
  resolved "https://registry.npmjs.org/ignore/-/ignore-3.3.10.tgz"

imurmurhash@^0.1.4:
  version "0.1.4"
  resolved "https://registry.npmjs.org/imurmurhash/-/imurmurhash-0.1.4.tgz"

inflection@^1.13.2:
  version "1.13.2"
  resolved "https://nexus3.weg.net/repository/npm-group/inflection/-/inflection-1.13.2.tgz"

inflight@^1.0.4:
  version "1.0.6"
  resolved "https://registry.npmjs.org/inflight/-/inflight-1.0.6.tgz"
  dependencies:
    once "^1.3.0"
    wrappy "1"

inherits@2, inherits@^2.0.3, inherits@~2.0.3:
  version "2.0.4"
  resolved "https://registry.npmjs.org/inherits/-/inherits-2.0.4.tgz"

inquirer@^3.0.6:
  version "3.3.0"
  resolved "https://registry.npmjs.org/inquirer/-/inquirer-3.3.0.tgz"
  dependencies:
    ansi-escapes "^3.0.0"
    chalk "^2.0.0"
    cli-cursor "^2.1.0"
    cli-width "^2.0.0"
    external-editor "^2.0.4"
    figures "^2.0.0"
    lodash "^4.3.0"
    mute-stream "0.0.7"
    run-async "^2.2.0"
    rx-lite "^4.0.8"
    rx-lite-aggregates "^4.0.8"
    string-width "^2.1.0"
    strip-ansi "^4.0.0"
    through "^2.3.6"

is-arguments@^1.0.4:
  version "1.0.4"
  resolved "https://registry.npmjs.org/is-arguments/-/is-arguments-1.0.4.tgz"

is-callable@^1.1.4, is-callable@^1.2.0:
  version "1.2.0"
  resolved "https://registry.npmjs.org/is-callable/-/is-callable-1.2.0.tgz"

is-date-object@^1.0.1:
  version "1.0.2"
  resolved "https://registry.npmjs.org/is-date-object/-/is-date-object-1.0.2.tgz"

is-fullwidth-code-point@^2.0.0:
  version "2.0.0"
  resolved "https://registry.npmjs.org/is-fullwidth-code-point/-/is-fullwidth-code-point-2.0.0.tgz"

is-regex@^1.0.4, is-regex@^1.1.0:
  version "1.1.0"
  resolved "https://registry.npmjs.org/is-regex/-/is-regex-1.1.0.tgz"
  dependencies:
    has-symbols "^1.0.1"

is-resolvable@^1.0.0:
  version "1.1.0"
  resolved "https://registry.npmjs.org/is-resolvable/-/is-resolvable-1.1.0.tgz"

is-symbol@^1.0.2:
  version "1.0.3"
  resolved "https://registry.npmjs.org/is-symbol/-/is-symbol-1.0.3.tgz"
  dependencies:
    has-symbols "^1.0.1"

isarray@~1.0.0:
  version "1.0.0"
  resolved "https://registry.npmjs.org/isarray/-/isarray-1.0.0.tgz"

isexe@^2.0.0:
  version "2.0.0"
  resolved "https://registry.npmjs.org/isexe/-/isexe-2.0.0.tgz"

js-tokens@^3.0.2:
  version "3.0.2"
  resolved "https://registry.npmjs.org/js-tokens/-/js-tokens-3.0.2.tgz"

js-yaml@^3.13.1, js-yaml@^3.9.1:
  version "3.14.0"
  resolved "https://registry.npmjs.org/js-yaml/-/js-yaml-3.14.0.tgz"
  dependencies:
    argparse "^1.0.7"
    esprima "^4.0.0"

json-refs@^3.0.15:
  version "3.0.15"
  resolved "https://nexus3.weg.net/repository/npm-group/json-refs/-/json-refs-3.0.15.tgz"
  dependencies:
    commander "~4.1.1"
    graphlib "^2.1.8"
    js-yaml "^3.13.1"
    lodash "^4.17.15"
    native-promise-only "^0.8.1"
    path-loader "^1.0.10"
    slash "^3.0.0"
    uri-js "^4.2.2"

json-schema-traverse@^0.3.0:
  version "0.3.1"
  resolved "https://registry.npmjs.org/json-schema-traverse/-/json-schema-traverse-0.3.1.tgz"

json-stable-stringify-without-jsonify@^1.0.1:
  version "1.0.1"
  resolved "https://registry.npmjs.org/json-stable-stringify-without-jsonify/-/json-stable-stringify-without-jsonify-1.0.1.tgz"

json-stringify-safe@^5.0.1:
  version "5.0.1"
  resolved "https://registry.npmjs.org/json-stringify-safe/-/json-stringify-safe-5.0.1.tgz"

jsonfile@^6.0.1:
  version "6.1.0"
  resolved "https://nexus3.weg.net/repository/npm-group/jsonfile/-/jsonfile-6.1.0.tgz"
  dependencies:
    universalify "^2.0.0"
  optionalDependencies:
    graceful-fs "^4.1.6"

levn@^0.3.0, levn@~0.3.0:
  version "0.3.0"
  resolved "https://registry.npmjs.org/levn/-/levn-0.3.0.tgz"
  dependencies:
    prelude-ls "~1.1.2"
    type-check "~0.3.2"

lodash@^4.17.15, lodash@^4.17.21, lodash@^4.17.4, lodash@^4.17.5, lodash@^4.3.0:
  version "4.17.21"
  resolved "https://nexus3.weg.net/repository/npm-group/lodash/-/lodash-4.17.21.tgz"

lru-cache@^4.0.1:
  version "4.1.5"
  resolved "https://registry.npmjs.org/lru-cache/-/lru-cache-4.1.5.tgz"
  dependencies:
    pseudomap "^1.0.2"
    yallist "^2.1.2"

methods@^1.1.1:
  version "1.1.2"
  resolved "https://nexus3.weg.net/repository/npm-group/methods/-/methods-1.1.2.tgz"

mime-db@1.52.0:
  version "1.52.0"
  resolved "https://nexus3.weg.net/repository/npm-group/mime-db/-/mime-db-1.52.0.tgz"

mime-types@^2.1.12:
  version "2.1.35"
  resolved "https://nexus3.weg.net/repository/npm-group/mime-types/-/mime-types-2.1.35.tgz"
  dependencies:
    mime-db "1.52.0"

mime@^1.4.1:
  version "1.6.0"
  resolved "https://nexus3.weg.net/repository/npm-group/mime/-/mime-1.6.0.tgz"

mimic-fn@^1.0.0:
  version "1.2.0"
  resolved "https://registry.npmjs.org/mimic-fn/-/mimic-fn-1.2.0.tgz"

minimatch@3.0.4, minimatch@^3.0.2, minimatch@^3.0.4:
  version "3.0.4"
  resolved "https://registry.npmjs.org/minimatch/-/minimatch-3.0.4.tgz"
  dependencies:
    brace-expansion "^1.1.7"

minimist@0.0.8:
  version "0.0.8"
  resolved "https://registry.npmjs.org/minimist/-/minimist-0.0.8.tgz"

minimist@^1.2.5:
  version "1.2.5"
  resolved "https://registry.npmjs.org/minimist/-/minimist-1.2.5.tgz"

mkdirp@0.5.1:
  version "0.5.1"
  resolved "https://registry.npmjs.org/mkdirp/-/mkdirp-0.5.1.tgz"
  dependencies:
    minimist "0.0.8"

mkdirp@^0.5.0, mkdirp@^0.5.1:
  version "0.5.5"
  resolved "https://registry.npmjs.org/mkdirp/-/mkdirp-0.5.5.tgz"
  dependencies:
    minimist "^1.2.5"

mocha@^5.2.0:
  version "5.2.0"
  resolved "https://registry.npmjs.org/mocha/-/mocha-5.2.0.tgz"
  dependencies:
    browser-stdout "1.3.1"
    commander "2.15.1"
    debug "3.1.0"
    diff "3.5.0"
    escape-string-regexp "1.0.5"
    glob "7.1.2"
    growl "1.10.5"
    he "1.1.1"
    minimatch "3.0.4"
    mkdirp "0.5.1"
    supports-color "5.4.0"

ms@2.0.0:
  version "2.0.0"
  resolved "https://registry.npmjs.org/ms/-/ms-2.0.0.tgz"

ms@2.1.2:
  version "2.1.2"
  resolved "https://nexus3.weg.net/repository/npm-group/ms/-/ms-2.1.2.tgz"

mute-stream@0.0.7:
  version "0.0.7"
  resolved "https://registry.npmjs.org/mute-stream/-/mute-stream-0.0.7.tgz"

native-promise-only@^0.8.1:
  version "0.8.1"
  resolved "https://nexus3.weg.net/repository/npm-group/native-promise-only/-/native-promise-only-0.8.1.tgz"

natural-compare@^1.4.0:
  version "1.4.0"
  resolved "https://registry.npmjs.org/natural-compare/-/natural-compare-1.4.0.tgz"

neo-async@^2.6.0:
  version "2.6.2"
  resolved "https://nexus3.weg.net/repository/npm-group/neo-async/-/neo-async-2.6.2.tgz"

nock@^9.6.1:
  version "9.6.1"
  resolved "https://registry.npmjs.org/nock/-/nock-9.6.1.tgz"
  dependencies:
    chai "^4.1.2"
    debug "^3.1.0"
    deep-equal "^1.0.0"
    json-stringify-safe "^5.0.1"
    lodash "^4.17.5"
    mkdirp "^0.5.0"
    propagate "^1.0.0"
    qs "^6.5.1"
    semver "^5.5.0"

object-assign@^4.0.1:
  version "4.1.1"
  resolved "https://registry.npmjs.org/object-assign/-/object-assign-4.1.1.tgz"

object-inspect@^1.7.0, object-inspect@^1.9.0:
  version "1.12.1"
  resolved "https://nexus3.weg.net/repository/npm-group/object-inspect/-/object-inspect-1.12.1.tgz"

object-is@^1.0.1:
  version "1.1.2"
  resolved "https://registry.npmjs.org/object-is/-/object-is-1.1.2.tgz"
  dependencies:
    define-properties "^1.1.3"
    es-abstract "^1.17.5"

object-keys@^1.0.11, object-keys@^1.0.12, object-keys@^1.1.1:
  version "1.1.1"
  resolved "https://registry.npmjs.org/object-keys/-/object-keys-1.1.1.tgz"

object.assign@^4.1.0:
  version "4.1.0"
  resolved "https://registry.npmjs.org/object.assign/-/object.assign-4.1.0.tgz"
  dependencies:
    define-properties "^1.1.2"
    function-bind "^1.1.1"
    has-symbols "^1.0.0"
    object-keys "^1.0.11"

once@^1.3.0:
  version "1.4.0"
  resolved "https://registry.npmjs.org/once/-/once-1.4.0.tgz"
  dependencies:
    wrappy "1"

onetime@^2.0.0:
  version "2.0.1"
  resolved "https://registry.npmjs.org/onetime/-/onetime-2.0.1.tgz"
  dependencies:
    mimic-fn "^1.0.0"

optionator@^0.8.2:
  version "0.8.3"
  resolved "https://registry.npmjs.org/optionator/-/optionator-0.8.3.tgz"
  dependencies:
    deep-is "~0.1.3"
    fast-levenshtein "~2.0.6"
    levn "~0.3.0"
    prelude-ls "~1.1.2"
    type-check "~0.3.2"
    word-wrap "~1.2.3"

original@^1.0.0:
  version "1.0.2"
  resolved "https://registry.npmjs.org/original/-/original-1.0.2.tgz"
  dependencies:
    url-parse "^1.4.3"

os-tmpdir@~1.0.2:
  version "1.0.2"
  resolved "https://registry.npmjs.org/os-tmpdir/-/os-tmpdir-1.0.2.tgz"

path-is-absolute@^1.0.0:
  version "1.0.1"
  resolved "https://registry.npmjs.org/path-is-absolute/-/path-is-absolute-1.0.1.tgz"

path-is-inside@^1.0.2:
  version "1.0.2"
  resolved "https://registry.npmjs.org/path-is-inside/-/path-is-inside-1.0.2.tgz"

path-loader@^1.0.10:
  version "1.0.10"
  resolved "https://nexus3.weg.net/repository/npm-group/path-loader/-/path-loader-1.0.10.tgz"
  dependencies:
    native-promise-only "^0.8.1"
    superagent "^3.8.3"

pathval@^1.1.0:
  version "1.1.0"
  resolved "https://registry.npmjs.org/pathval/-/pathval-1.1.0.tgz"

pct-encode@~1.0.0:
  version "1.0.2"
  resolved "https://registry.npmjs.org/pct-encode/-/pct-encode-1.0.2.tgz"

pluralize@^7.0.0:
  version "7.0.0"
  resolved "https://registry.npmjs.org/pluralize/-/pluralize-7.0.0.tgz"

prelude-ls@~1.1.2:
  version "1.1.2"
  resolved "https://registry.npmjs.org/prelude-ls/-/prelude-ls-1.1.2.tgz"

process-nextick-args@~2.0.0:
  version "2.0.1"
  resolved "https://registry.npmjs.org/process-nextick-args/-/process-nextick-args-2.0.1.tgz"

progress@^2.0.0:
  version "2.0.3"
  resolved "https://registry.npmjs.org/progress/-/progress-2.0.3.tgz"

propagate@^1.0.0:
  version "1.0.0"
  resolved "https://registry.npmjs.org/propagate/-/propagate-1.0.0.tgz"

pseudomap@^1.0.2:
  version "1.0.2"
  resolved "https://registry.npmjs.org/pseudomap/-/pseudomap-1.0.2.tgz"

punycode@^2.1.0:
  version "2.1.1"
  resolved "https://nexus3.weg.net/repository/npm-group/punycode/-/punycode-2.1.1.tgz"

qs@^6.10.3, qs@^6.5.1, qs@^6.9.4:
  version "6.10.3"
  resolved "https://nexus3.weg.net/repository/npm-group/qs/-/qs-6.10.3.tgz"
  dependencies:
    side-channel "^1.0.4"

querystringify@^2.1.1:
  version "2.2.0"
  resolved "https://registry.yarnpkg.com/querystringify/-/querystringify-2.2.0.tgz#3345941b4153cb9d082d8eee4cda2016a9aef7f6"

readable-stream@^2.2.2, readable-stream@^2.3.5:
  version "2.3.7"
  resolved "https://registry.npmjs.org/readable-stream/-/readable-stream-2.3.7.tgz"
  dependencies:
    core-util-is "~1.0.0"
    inherits "~2.0.3"
    isarray "~1.0.0"
    process-nextick-args "~2.0.0"
    safe-buffer "~5.1.1"
    string_decoder "~1.1.1"
    util-deprecate "~1.0.1"

regexp.prototype.flags@^1.2.0:
  version "1.3.0"
  resolved "https://registry.npmjs.org/regexp.prototype.flags/-/regexp.prototype.flags-1.3.0.tgz"
  dependencies:
    define-properties "^1.1.3"
    es-abstract "^1.17.0-next.1"

regexpp@^1.0.1:
  version "1.1.0"
  resolved "https://registry.npmjs.org/regexpp/-/regexpp-1.1.0.tgz"

require-uncached@^1.0.3:
  version "1.0.3"
  resolved "https://registry.npmjs.org/require-uncached/-/require-uncached-1.0.3.tgz"
  dependencies:
    caller-path "^0.1.0"
    resolve-from "^1.0.0"

requires-port@^1.0.0:
  version "1.0.0"
  resolved "https://registry.yarnpkg.com/requires-port/-/requires-port-1.0.0.tgz#925d2601d39ac485e091cf0da5c6e694dc3dcaff"

resolve-from@^1.0.0:
  version "1.0.1"
  resolved "https://registry.npmjs.org/resolve-from/-/resolve-from-1.0.1.tgz"

restore-cursor@^2.0.0:
  version "2.0.0"
  resolved "https://registry.npmjs.org/restore-cursor/-/restore-cursor-2.0.0.tgz"
  dependencies:
    onetime "^2.0.0"
    signal-exit "^3.0.2"

rimraf@~2.6.2:
  version "2.6.3"
  resolved "https://registry.npmjs.org/rimraf/-/rimraf-2.6.3.tgz"
  dependencies:
    glob "^7.1.3"

run-async@^2.2.0:
  version "2.4.1"
  resolved "https://registry.npmjs.org/run-async/-/run-async-2.4.1.tgz"

rx-lite-aggregates@^4.0.8:
  version "4.0.8"
  resolved "https://registry.npmjs.org/rx-lite-aggregates/-/rx-lite-aggregates-4.0.8.tgz"
  dependencies:
    rx-lite "*"

rx-lite@*, rx-lite@^4.0.8:
  version "4.0.8"
  resolved "https://registry.npmjs.org/rx-lite/-/rx-lite-4.0.8.tgz"

safe-buffer@~5.1.0, safe-buffer@~5.1.1:
  version "5.1.2"
  resolved "https://registry.npmjs.org/safe-buffer/-/safe-buffer-5.1.2.tgz"

"safer-buffer@>= 2.1.2 < 3":
  version "2.1.2"
  resolved "https://registry.npmjs.org/safer-buffer/-/safer-buffer-2.1.2.tgz"

semver@^5.3.0, semver@^5.5.0:
  version "5.7.1"
  resolved "https://registry.npmjs.org/semver/-/semver-5.7.1.tgz"

shebang-command@^1.2.0:
  version "1.2.0"
  resolved "https://registry.npmjs.org/shebang-command/-/shebang-command-1.2.0.tgz"
  dependencies:
    shebang-regex "^1.0.0"

shebang-regex@^1.0.0:
  version "1.0.0"
  resolved "https://registry.npmjs.org/shebang-regex/-/shebang-regex-1.0.0.tgz"

should-equal@^2.0.0:
  version "2.0.0"
  resolved "https://registry.npmjs.org/should-equal/-/should-equal-2.0.0.tgz"
  dependencies:
    should-type "^1.4.0"

should-format@^3.0.3:
  version "3.0.3"
  resolved "https://registry.npmjs.org/should-format/-/should-format-3.0.3.tgz"
  dependencies:
    should-type "^1.3.0"
    should-type-adaptors "^1.0.1"

should-type-adaptors@^1.0.1:
  version "1.1.0"
  resolved "https://registry.npmjs.org/should-type-adaptors/-/should-type-adaptors-1.1.0.tgz"
  dependencies:
    should-type "^1.3.0"
    should-util "^1.0.0"

should-type@^1.3.0, should-type@^1.4.0:
  version "1.4.0"
  resolved "https://registry.npmjs.org/should-type/-/should-type-1.4.0.tgz"

should-util@^1.0.0:
  version "1.0.1"
  resolved "https://registry.npmjs.org/should-util/-/should-util-1.0.1.tgz"

should@^13.2.3:
  version "13.2.3"
  resolved "https://registry.npmjs.org/should/-/should-13.2.3.tgz"
  dependencies:
    should-equal "^2.0.0"
    should-format "^3.0.3"
    should-type "^1.4.0"
    should-type-adaptors "^1.0.1"
    should-util "^1.0.0"

side-channel@^1.0.4:
  version "1.0.4"
  resolved "https://nexus3.weg.net/repository/npm-group/side-channel/-/side-channel-1.0.4.tgz"
  dependencies:
    call-bind "^1.0.0"
    get-intrinsic "^1.0.2"
    object-inspect "^1.9.0"

signal-exit@^3.0.2:
  version "3.0.3"
  resolved "https://registry.npmjs.org/signal-exit/-/signal-exit-3.0.3.tgz"

slash@^3.0.0:
  version "3.0.0"
  resolved "https://nexus3.weg.net/repository/npm-group/slash/-/slash-3.0.0.tgz"

slice-ansi@1.0.0:
  version "1.0.0"
  resolved "https://registry.npmjs.org/slice-ansi/-/slice-ansi-1.0.0.tgz"
  dependencies:
    is-fullwidth-code-point "^2.0.0"

source-map@^0.6.1:
  version "0.6.1"
  resolved "https://nexus3.weg.net/repository/npm-group/source-map/-/source-map-0.6.1.tgz"

sprintf-js@~1.0.2:
  version "1.0.3"
  resolved "https://registry.npmjs.org/sprintf-js/-/sprintf-js-1.0.3.tgz"

string-width@^2.1.0, string-width@^2.1.1:
  version "2.1.1"
  resolved "https://registry.npmjs.org/string-width/-/string-width-2.1.1.tgz"
  dependencies:
    is-fullwidth-code-point "^2.0.0"
    strip-ansi "^4.0.0"

string.prototype.trimend@^1.0.1:
  version "1.0.1"
  resolved "https://registry.npmjs.org/string.prototype.trimend/-/string.prototype.trimend-1.0.1.tgz"
  dependencies:
    define-properties "^1.1.3"
    es-abstract "^1.17.5"

string.prototype.trimstart@^1.0.1:
  version "1.0.1"
  resolved "https://registry.npmjs.org/string.prototype.trimstart/-/string.prototype.trimstart-1.0.1.tgz"
  dependencies:
    define-properties "^1.1.3"
    es-abstract "^1.17.5"

string_decoder@~1.1.1:
  version "1.1.1"
  resolved "https://registry.npmjs.org/string_decoder/-/string_decoder-1.1.1.tgz"
  dependencies:
    safe-buffer "~5.1.0"

strip-ansi@^3.0.0:
  version "3.0.1"
  resolved "https://registry.npmjs.org/strip-ansi/-/strip-ansi-3.0.1.tgz"
  dependencies:
    ansi-regex "^2.0.0"

strip-ansi@^4.0.0:
  version "4.0.0"
  resolved "https://registry.npmjs.org/strip-ansi/-/strip-ansi-4.0.0.tgz"
  dependencies:
    ansi-regex "^3.0.0"

strip-json-comments@~2.0.1:
  version "2.0.1"
  resolved "https://registry.npmjs.org/strip-json-comments/-/strip-json-comments-2.0.1.tgz"

superagent@^3.8.3:
  version "3.8.3"
  resolved "https://nexus3.weg.net/repository/npm-group/superagent/-/superagent-3.8.3.tgz"
  dependencies:
    component-emitter "^1.2.0"
    cookiejar "^2.1.0"
    debug "^3.1.0"
    extend "^3.0.0"
    form-data "^2.3.1"
    formidable "^1.2.0"
    methods "^1.1.1"
    mime "^1.4.1"
    qs "^6.5.1"
    readable-stream "^2.3.5"

supports-color@5.4.0:
  version "5.4.0"
  resolved "https://registry.npmjs.org/supports-color/-/supports-color-5.4.0.tgz"
  dependencies:
    has-flag "^3.0.0"

supports-color@^2.0.0:
  version "2.0.0"
  resolved "https://registry.npmjs.org/supports-color/-/supports-color-2.0.0.tgz"

supports-color@^5.3.0:
  version "5.5.0"
  resolved "https://registry.npmjs.org/supports-color/-/supports-color-5.5.0.tgz"
  dependencies:
    has-flag "^3.0.0"

supports-color@^7.1.0:
  version "7.2.0"
  resolved "https://nexus3.weg.net/repository/npm-group/supports-color/-/supports-color-7.2.0.tgz"
  dependencies:
    has-flag "^4.0.0"

table@4.0.2:
  version "4.0.2"
  resolved "https://registry.npmjs.org/table/-/table-4.0.2.tgz"
  dependencies:
    ajv "^5.2.3"
    ajv-keywords "^2.1.0"
    chalk "^2.1.0"
    lodash "^4.17.4"
    slice-ansi "1.0.0"
    string-width "^2.1.1"

text-table@~0.2.0:
  version "0.2.0"
  resolved "https://registry.npmjs.org/text-table/-/text-table-0.2.0.tgz"

through@^2.3.6:
  version "2.3.8"
  resolved "https://registry.npmjs.org/through/-/through-2.3.8.tgz"

tmp@^0.0.33:
  version "0.0.33"
  resolved "https://registry.npmjs.org/tmp/-/tmp-0.0.33.tgz"
  dependencies:
    os-tmpdir "~1.0.2"

type-check@~0.3.2:
  version "0.3.2"
  resolved "https://registry.npmjs.org/type-check/-/type-check-0.3.2.tgz"
  dependencies:
    prelude-ls "~1.1.2"

type-detect@^4.0.0, type-detect@^4.0.5:
  version "4.0.8"
  resolved "https://registry.npmjs.org/type-detect/-/type-detect-4.0.8.tgz"

typedarray@^0.0.6:
  version "0.0.6"
  resolved "https://registry.npmjs.org/typedarray/-/typedarray-0.0.6.tgz"

uglify-js@^3.1.4:
  version "3.15.5"
  resolved "https://nexus3.weg.net/repository/npm-group/uglify-js/-/uglify-js-3.15.5.tgz"

universalify@^2.0.0:
  version "2.0.0"
  resolved "https://nexus3.weg.net/repository/npm-group/universalify/-/universalify-2.0.0.tgz"

uri-js@^4.2.2:
  version "4.4.1"
  resolved "https://nexus3.weg.net/repository/npm-group/uri-js/-/uri-js-4.4.1.tgz"
  dependencies:
    punycode "^2.1.0"

uri-template@^1.0.1:
  version "1.0.1"
  resolved "https://registry.npmjs.org/uri-template/-/uri-template-1.0.1.tgz"
  dependencies:
    pct-encode "~1.0.0"

uri-template@^2.0.0:
  version "2.0.0"
  resolved "https://nexus3.weg.net/repository/npm-group/uri-template/-/uri-template-2.0.0.tgz"
  dependencies:
    pct-encode "~1.0.0"

url-parse@^1.4.3:
  version "1.5.10"
  resolved "https://registry.yarnpkg.com/url-parse/-/url-parse-1.5.10.tgz#9d3c2f736c1d75dd3bd2be507dcc111f1e2ea9c1"
  dependencies:
    querystringify "^2.1.1"
    requires-port "^1.0.0"

util-deprecate@~1.0.1:
  version "1.0.2"
  resolved "https://registry.npmjs.org/util-deprecate/-/util-deprecate-1.0.2.tgz"

which@^1.2.9:
  version "1.3.1"
  resolved "https://registry.npmjs.org/which/-/which-1.3.1.tgz"
  dependencies:
    isexe "^2.0.0"

word-wrap@~1.2.3:
  version "1.2.3"
  resolved "https://registry.npmjs.org/word-wrap/-/word-wrap-1.2.3.tgz"

wordwrap@^1.0.0:
  version "1.0.0"
  resolved "https://nexus3.weg.net/repository/npm-group/wordwrap/-/wordwrap-1.0.0.tgz"

wrappy@1:
  version "1.0.2"
  resolved "https://registry.npmjs.org/wrappy/-/wrappy-1.0.2.tgz"

write@^0.2.1:
  version "0.2.1"
  resolved "https://registry.npmjs.org/write/-/write-0.2.1.tgz"
  dependencies:
    mkdirp "^0.5.1"

yallist@^2.1.2:
  version "2.1.2"
  resolved "https://registry.npmjs.org/yallist/-/yallist-2.1.2.tgz"
